
Microsoft Visual Studio Solution File, Format Version 12.00
# Visual Studio Version 17
VisualStudioVersion = 17.5.33516.290
MinimumVisualStudioVersion = 10.0.40219.1
Project("{FAE04EC0-301F-11D3-BF4B-00C04F79EFBC}") = "DelegateExample", "DelegateExample\DelegateExample.csproj", "{68C6FE4A-3842-43ED-910E-67AA1DAAAAEB}"
EndProject
Global
	GlobalSection(SolutionConfigurationPlatforms) = preSolution
		Debug|Any CPU = Debug|Any CPU
		Release|Any CPU = Release|Any CPU
	EndGlobalSection
	GlobalSection(ProjectConfigurationPlatforms) = postSolution
		{68C6FE4A-3842-43ED-910E-67AA1DAAAAEB}.Debug|Any CPU.ActiveCfg = Debug|Any CPU
		{68C6FE4A-3842-43ED-910E-67AA1DAAAAEB}.Debug|Any CPU.Build.0 = Debug|Any CPU
		{68C6FE4A-3842-43ED-910E-67AA1DAAAAEB}.Release|Any CPU.ActiveCfg = Release|Any CPU
		{68C6FE4A-3842-43ED-910E-67AA1DAAAAEB}.Release|Any CPU.Build.0 = Release|Any CPU
	EndGlobalSection
	GlobalSection(SolutionProperties) = preSolution
		HideSolutionNode = FALSE
	EndGlobalSection
	GlobalSection(ExtensibilityGlobals) = postSolution
		SolutionGuid = {8B120699-AD5A-46E8-AA20-88FD6590FB0B}
	EndGlobalSection
EndGlobal
